
Microsoft Visual Studio Solution File, Format Version 12.00
# Visual Studio Version 16
VisualStudioVersion = 16.0.31205.134
MinimumVisualStudioVersion = 10.0.40219.1
Project("{8BC9CEB8-8B4A-11D0-8D11-00A0C91BC942}") = "proton", "proton\proton.vcxproj", "{97C70729-1645-4E15-94AE-419AEA0C6EC4}"
EndProject
Global
	GlobalSection(SolutionConfigurationPlatforms) = preSolution
		Debug|x64 = Debug|x64
		Debug|x86 = Debug|x86
		Release|x64 = Release|x64
		Release|x86 = Release|x86
	EndGlobalSection
	GlobalSection(ProjectConfigurationPlatforms) = postSolution
		{97C70729-1645-4E15-94AE-419AEA0C6EC4}.Debug|x64.ActiveCfg = Debug|x64
		{97C70729-1645-4E15-94AE-419AEA0C6EC4}.Debug|x64.Build.0 = Debug|x64
		{97C70729-1645-4E15-94AE-419AEA0C6EC4}.Debug|x86.ActiveCfg = Debug|Win32
		{97C70729-1645-4E15-94AE-419AEA0C6EC4}.Debug|x86.Build.0 = Debug|Win32
		{97C70729-1645-4E15-94AE-419AEA0C6EC4}.Release|x64.ActiveCfg = Release|x64
		{97C70729-1645-4E15-94AE-419AEA0C6EC4}.Release|x64.Build.0 = Release|x64
		{97C70729-1645-4E15-94AE-419AEA0C6EC4}.Release|x86.ActiveCfg = Release|Win32
		{97C70729-1645-4E15-94AE-419AEA0C6EC4}.Release|x86.Build.0 = Release|Win32
	EndGlobalSection
	GlobalSection(SolutionProperties) = preSolution
		HideSolutionNode = FALSE
	EndGlobalSection
	GlobalSection(ExtensibilityGlobals) = postSolution
		SolutionGuid = {D5521EAF-9E5D-4056-B48F-B183BCB4A78E}
	EndGlobalSection
EndGlobal
